
Microsoft Visual Studio Solution File, Format Version 12.00
# Visual Studio Version 16
VisualStudioVersion = 16.0.30717.126
MinimumVisualStudioVersion = 10.0.40219.1
Project("{9A19103F-16F7-4668-BE54-9A1E7A4F7556}") = "Manejador Iglesia.Server", "Manejador Iglesia\Server\Manejador Iglesia.Server.csproj", "{73526A41-2AD2-477E-AC1A-7A6A41F52E62}"
EndProject
Project("{9A19103F-16F7-4668-BE54-9A1E7A4F7556}") = "Manejador Iglesia.Client", "Manejador Iglesia\Client\Manejador Iglesia.Client.csproj", "{45F9338F-2F99-4967-9654-814092C96C84}"
EndProject
Project("{9A19103F-16F7-4668-BE54-9A1E7A4F7556}") = "Manejador Iglesia.Shared", "Manejador Iglesia\Shared\Manejador Iglesia.Shared.csproj", "{68BEBB40-3D86-45B3-A9F1-DA4360DF0E88}"
EndProject
Global
	GlobalSection(SolutionConfigurationPlatforms) = preSolution
		Debug|Any CPU = Debug|Any CPU
		Release|Any CPU = Release|Any CPU
	EndGlobalSection
	GlobalSection(ProjectConfigurationPlatforms) = postSolution
		{73526A41-2AD2-477E-AC1A-7A6A41F52E62}.Debug|Any CPU.ActiveCfg = Debug|Any CPU
		{73526A41-2AD2-477E-AC1A-7A6A41F52E62}.Debug|Any CPU.Build.0 = Debug|Any CPU
		{73526A41-2AD2-477E-AC1A-7A6A41F52E62}.Release|Any CPU.ActiveCfg = Release|Any CPU
		{73526A41-2AD2-477E-AC1A-7A6A41F52E62}.Release|Any CPU.Build.0 = Release|Any CPU
		{45F9338F-2F99-4967-9654-814092C96C84}.Debug|Any CPU.ActiveCfg = Debug|Any CPU
		{45F9338F-2F99-4967-9654-814092C96C84}.Debug|Any CPU.Build.0 = Debug|Any CPU
		{45F9338F-2F99-4967-9654-814092C96C84}.Release|Any CPU.ActiveCfg = Release|Any CPU
		{45F9338F-2F99-4967-9654-814092C96C84}.Release|Any CPU.Build.0 = Release|Any CPU
		{68BEBB40-3D86-45B3-A9F1-DA4360DF0E88}.Debug|Any CPU.ActiveCfg = Debug|Any CPU
		{68BEBB40-3D86-45B3-A9F1-DA4360DF0E88}.Debug|Any CPU.Build.0 = Debug|Any CPU
		{68BEBB40-3D86-45B3-A9F1-DA4360DF0E88}.Release|Any CPU.ActiveCfg = Release|Any CPU
		{68BEBB40-3D86-45B3-A9F1-DA4360DF0E88}.Release|Any CPU.Build.0 = Release|Any CPU
	EndGlobalSection
	GlobalSection(SolutionProperties) = preSolution
		HideSolutionNode = FALSE
	EndGlobalSection
	GlobalSection(ExtensibilityGlobals) = postSolution
		SolutionGuid = {3E710362-0EC3-47C5-99CA-66C23A2AB92F}
	EndGlobalSection
EndGlobal
